{
  "name": "zhrb",
  "version": "1.0.0",
  "lockfileVersion": 1,
  "requires": true,
  "dependencies": {
    "miniprogram-picker": {
      "version": "1.0.5",
      "resolved": "https://registry.npmjs.org/miniprogram-picker/-/miniprogram-picker-1.0.5.tgz",
      "integrity": "sha512-e1N9M3VtTe8tqgn3r8lsGgS3UtYuNHx78gTRgCj2S0eC3M2faf5ZmyilZ42z2MTSB4tcchieelClBQ2TUsHzJw=="
    }
  }
}
